
Microsoft Visual Studio Solution File, Format Version 12.00
# Visual Studio Version 17
VisualStudioVersion = 17.0.31611.283
MinimumVisualStudioVersion = 10.0.40219.1
Project("{9A19103F-16F7-4668-BE54-9A1E7A4F7556}") = "Collaborate.Microsoft.MAUI", "Collaborate.Microsoft.MAUI.csproj", "{06235635-2F21-4375-8577-0B8838CA4308}"
EndProject
Project("{9A19103F-16F7-4668-BE54-9A1E7A4F7556}") = "AuthServices", "AuthServices\AuthServices.csproj", "{DC1DDC7B-B1C5-460C-8477-DEC80745E319}"
EndProject
Global
	GlobalSection(SolutionConfigurationPlatforms) = preSolution
		Debug|Any CPU = Debug|Any CPU
		Release|Any CPU = Release|Any CPU
	EndGlobalSection
	GlobalSection(ProjectConfigurationPlatforms) = postSolution
		{06235635-2F21-4375-8577-0B8838CA4308}.Debug|Any CPU.ActiveCfg = Debug|Any CPU
		{06235635-2F21-4375-8577-0B8838CA4308}.Debug|Any CPU.Build.0 = Debug|Any CPU
		{06235635-2F21-4375-8577-0B8838CA4308}.Debug|Any CPU.Deploy.0 = Debug|Any CPU
		{06235635-2F21-4375-8577-0B8838CA4308}.Release|Any CPU.ActiveCfg = Release|Any CPU
		{06235635-2F21-4375-8577-0B8838CA4308}.Release|Any CPU.Build.0 = Release|Any CPU
		{06235635-2F21-4375-8577-0B8838CA4308}.Release|Any CPU.Deploy.0 = Release|Any CPU
		{DC1DDC7B-B1C5-460C-8477-DEC80745E319}.Debug|Any CPU.ActiveCfg = Debug|Any CPU
		{DC1DDC7B-B1C5-460C-8477-DEC80745E319}.Debug|Any CPU.Build.0 = Debug|Any CPU
		{DC1DDC7B-B1C5-460C-8477-DEC80745E319}.Release|Any CPU.ActiveCfg = Release|Any CPU
		{DC1DDC7B-B1C5-460C-8477-DEC80745E319}.Release|Any CPU.Build.0 = Release|Any CPU
	EndGlobalSection
	GlobalSection(SolutionProperties) = preSolution
		HideSolutionNode = FALSE
	EndGlobalSection
	GlobalSection(ExtensibilityGlobals) = postSolution
		SolutionGuid = {61F7FB11-1E47-470C-91E2-47F8143E1572}
	EndGlobalSection
EndGlobal
